{
  "requires": true,
  "lockfileVersion": 1,
  "dependencies": {
    "@trevoreyre/autocomplete-vue": {
      "version": "2.1.1",
      "resolved": "https://registry.npmjs.org/@trevoreyre/autocomplete-vue/-/autocomplete-vue-2.1.1.tgz",
      "integrity": "sha512-zeVzjRliM5Yv0oaBNPE3OX4U5K59jwo/OC62Qi6SE1Fd6mwO6q6MXVogmujrOrdalIqDHQo8pUvhTFL4Xr/Rfw=="
    },
    "jquery": {
      "version": "3.5.1",
      "resolved": "https://registry.npmjs.org/jquery/-/jquery-3.5.1.tgz",
      "integrity": "sha512-XwIBPqcMn57FxfT+Go5pzySnm4KWkT1Tv7gjrpT1srtf8Weynl6R273VJ5GjkRb51IzMp5nbaPjJXMWeju2MKg=="
    }
  }
}
